github.com/coreos/go-systemd/v22 v22.6.0 h1:aGVa/v8B7hpb0TKl0MWoAavPDmHvobFe5R5zn0bCJWo=
github.com/coreos/go-systemd/v22 v22.6.0/go.mod h1:iG+pp635Fo7ZmV/j14KUcmEyWF+0X7Lua8rrTWzYgWU=
github.com/zyin-c/extras v0.1.4 h1:wPO2xZF7EtBA+O7Pb7M+jbCiyJIOuPseI2XFbZe9xJk=
github.com/zyin-c/extras v0.1.4/go.mod h1:O4QDoIlW6FIR7/zDhrvsSV5rqGuG67O1dUQWDziuucY=
