github.com/zyin-c/extras v0.1.3 h1:9jsC6p0DJ0KdqHlHu7UJF4AVM07RJleBXjHlOEyEQq0=
github.com/zyin-c/extras v0.1.3/go.mod h1:O4QDoIlW6FIR7/zDhrvsSV5rqGuG67O1dUQWDziuucY=
github.com/zyin-c/extras v0.1.4 h1:wPO2xZF7EtBA+O7Pb7M+jbCiyJIOuPseI2XFbZe9xJk=
github.com/zyin-c/extras v0.1.4/go.mod h1:O4QDoIlW6FIR7/zDhrvsSV5rqGuG67O1dUQWDziuucY=
